PODS:
  - AVOSCloud (3.2.5)
  - AVOSCloudCrashReporting (3.2.5):
    - AVOSCloud
  - AVOSCloudIM (3.2.5):
    - AVOSCloud

DEPENDENCIES:
  - AVOSCloud
  - AVOSCloudCrashReporting
  - AVOSCloudIM

SPEC CHECKSUMS:
  AVOSCloud: f3a7d7dfa3c2d2158245c68581fcb98d90ad392a
  AVOSCloudCrashReporting: 81cdeaa2f0e4e54983ecebf033ad4eb0fd4dc714
  AVOSCloudIM: c3af4940490891e14bbbcf6a3472e256804aa1ae

COCOAPODS: 0.39.0
